
Microsoft Visual Studio Solution File, Format Version 12.00
# Visual Studio Version 17
VisualStudioVersion = 17.3.32819.101
MinimumVisualStudioVersion = 10.0.40219.1
Project("{9A19103F-16F7-4668-BE54-9A1E7A4F7556}") = "Shop.Api", "Shop.Api\Shop.Api.csproj", "{86AEC61F-938C-4BC8-82DF-26A24D7BBD95}"
EndProject
Project("{9A19103F-16F7-4668-BE54-9A1E7A4F7556}") = "Shop.Core", "Shop.Core\Shop.Core.csproj", "{18D34311-8694-4DC7-9985-75737B491DAE}"
EndProject
Project("{9A19103F-16F7-4668-BE54-9A1E7A4F7556}") = "Shop.Infrastructure", "Shop.Infrastructure\Shop.Infrastructure.csproj", "{87F6C6A6-56F1-4F2E-B7CF-A279547EB8A5}"
EndProject
Global
	GlobalSection(SolutionConfigurationPlatforms) = preSolution
		Debug|Any CPU = Debug|Any CPU
		Release|Any CPU = Release|Any CPU
	EndGlobalSection
	GlobalSection(ProjectConfigurationPlatforms) = postSolution
		{86AEC61F-938C-4BC8-82DF-26A24D7BBD95}.Debug|Any CPU.ActiveCfg = Debug|Any CPU
		{86AEC61F-938C-4BC8-82DF-26A24D7BBD95}.Debug|Any CPU.Build.0 = Debug|Any CPU
		{86AEC61F-938C-4BC8-82DF-26A24D7BBD95}.Release|Any CPU.ActiveCfg = Release|Any CPU
		{86AEC61F-938C-4BC8-82DF-26A24D7BBD95}.Release|Any CPU.Build.0 = Release|Any CPU
		{18D34311-8694-4DC7-9985-75737B491DAE}.Debug|Any CPU.ActiveCfg = Debug|Any CPU
		{18D34311-8694-4DC7-9985-75737B491DAE}.Debug|Any CPU.Build.0 = Debug|Any CPU
		{18D34311-8694-4DC7-9985-75737B491DAE}.Release|Any CPU.ActiveCfg = Release|Any CPU
		{18D34311-8694-4DC7-9985-75737B491DAE}.Release|Any CPU.Build.0 = Release|Any CPU
		{87F6C6A6-56F1-4F2E-B7CF-A279547EB8A5}.Debug|Any CPU.ActiveCfg = Debug|Any CPU
		{87F6C6A6-56F1-4F2E-B7CF-A279547EB8A5}.Debug|Any CPU.Build.0 = Debug|Any CPU
		{87F6C6A6-56F1-4F2E-B7CF-A279547EB8A5}.Release|Any CPU.ActiveCfg = Release|Any CPU
		{87F6C6A6-56F1-4F2E-B7CF-A279547EB8A5}.Release|Any CPU.Build.0 = Release|Any CPU
	EndGlobalSection
	GlobalSection(SolutionProperties) = preSolution
		HideSolutionNode = FALSE
	EndGlobalSection
	GlobalSection(ExtensibilityGlobals) = postSolution
		SolutionGuid = {1A1733AE-A468-46A9-BCDC-7BEBE81D4A2D}
	EndGlobalSection
EndGlobal
